{
  "version": "5",
  "specifiers": {
    "jsr:@cfa/gitignore-parser@~0.1.4": "0.1.4",
    "jsr:@erickmerchant/fonts@~0.7.5": "0.7.5",
    "jsr:@erickmerchant/icons@0.3": "0.3.0",
    "jsr:@erickmerchant/markdown@~0.1.6": "0.1.6",
    "jsr:@erickmerchant/mine-sweeper@^1.0.5": "1.0.5",
    "jsr:@feed/feed@^1.3.0": "1.3.0",
    "jsr:@flint/framework@~0.40.1": "0.40.1",
    "jsr:@handcraft/lib@^4.6.1": "4.6.1",
    "jsr:@std/async@^1.5.0": "1.5.0",
    "jsr:@std/cli@^1.0.32": "1.0.32",
    "jsr:@std/collections@^1.1.3": "1.1.7",
    "jsr:@std/crypto@^1.1.0": "1.1.0",
    "jsr:@std/encoding@^1.0.11": "1.0.11",
    "jsr:@std/fmt@^1.0.10": "1.0.10",
    "jsr:@std/fs@^1.0.24": "1.0.24",
    "jsr:@std/html@^1.0.7": "1.0.7",
    "jsr:@std/http@^1.1.3": "1.1.3",
    "jsr:@std/internal@^1.0.14": "1.0.14",
    "jsr:@std/path@^1.1.5": "1.1.6",
    "jsr:@std/path@^1.1.6": "1.1.6",
    "jsr:@std/regexp@^1.0.2": "1.0.2",
    "jsr:@std/semver@^1.0.8": "1.0.8",
    "jsr:@std/text@^1.0.19": "1.0.19",
    "jsr:@std/toml@^1.0.11": "1.0.11",
    "npm:@remix-run/mime@~0.4.2": "0.4.2",
    "npm:highlight.js@^11.12.0": "11.12.0",
    "npm:html-rewriter-wasm@~0.4.1": "0.4.1",
    "npm:lightningcss@^1.33.0": "1.33.0",
    "npm:marked-highlight@^2.2.4": "2.2.4_marked@18.0.13",
    "npm:marked@^18.0.13": "18.0.13",
    "npm:parse5@^8.0.1": "8.0.1",
    "npm:unifont@~0.8.3": "0.8.3"
  },
  "jsr": {
    "@cfa/gitignore-parser@0.1.4": {
      "integrity": "60d3563bbd7b8797f50c28585d7d74d231fbb56a1d9df7b0673c27cbdf60a23a"
    },
    "@erickmerchant/fonts@0.7.5": {
      "integrity": "4a2429b0bd37182bdf691fbb92f367d54f371b1a5724532da2f58e42d4dfdeee",
      "dependencies": [
        "jsr:@std/cli",
        "jsr:@std/fs",
        "jsr:@std/path@^1.1.6",
        "jsr:@std/text",
        "npm:unifont"
      ]
    },
    "@erickmerchant/icons@0.3.0": {
      "integrity": "386ac000b0b6f920c1a6e13426cb06a392f30e21e4d44966f340dffc39963ebe"
    },
    "@erickmerchant/markdown@0.1.6": {
      "integrity": "94059acc24bb61f5ec5c2a01a5e6208fcd69c565cc3444e4ba212cb3d2f3f3f1",
      "dependencies": [
        "jsr:@handcraft/lib",
        "npm:highlight.js",
        "npm:marked",
        "npm:marked-highlight",
        "npm:parse5"
      ]
    },
    "@erickmerchant/mine-sweeper@1.0.5": {
      "integrity": "71975639845551dd47dfba1261504a766b38be320d32c878d1ae33109ccf8e98",
      "dependencies": [
        "jsr:@handcraft/lib"
      ]
    },
    "@feed/feed@1.3.0": {
      "integrity": "cc9b02b4050423532d333c13a37e7d4784b5132697e2cde2d1769e59da2f519c"
    },
    "@flint/framework@0.40.1": {
      "integrity": "aa263751be9c17c8e96337ca0f451d67c819289bc281cec4e673348552b57100",
      "dependencies": [
        "jsr:@cfa/gitignore-parser",
        "jsr:@std/async",
        "jsr:@std/cli",
        "jsr:@std/crypto",
        "jsr:@std/encoding",
        "jsr:@std/fs",
        "jsr:@std/http",
        "jsr:@std/path@^1.1.6",
        "jsr:@std/semver",
        "npm:@remix-run/mime",
        "npm:html-rewriter-wasm",
        "npm:lightningcss"
      ]
    },
    "@handcraft/lib@4.6.1": {
      "integrity": "895271ad05724d62a31e438a076a7d09f37f858f436ff00815d34386243bfef0",
      "dependencies": [
        "jsr:@std/html"
      ]
    },
    "@std/async@1.5.0": {
      "integrity": "4c1f22d287a17ad7d8643b1952bc5a4d21e5d8b68dc8c20d8268eecc69096e82"
    },
    "@std/cli@1.0.32": {
      "integrity": "188b3a100d6202d64e3f5bd3d799c7fa4f6d77f92cc65eb7f641c1fa0aa92a66",
      "dependencies": [
        "jsr:@std/fmt",
        "jsr:@std/internal"
      ]
    },
    "@std/collections@1.1.7": {
      "integrity": "56f659d011218a69740b12829cf5ea2c9b70bbed0af02597e27dc1eb5e69e208"
    },
    "@std/crypto@1.1.0": {
      "integrity": "b8d6d0a6377a32b213af2661ed7bf1062d94feac0c57def5526a8e74a95c3ec8"
    },
    "@std/encoding@1.0.11": {
      "integrity": "e7cef2f0b3153bccc17431e7c864a1de03a4b6d9647389c43e08aaa775d37385"
    },
    "@std/fmt@1.0.10": {
      "integrity": "90dfba288802ac6de82fb31d0917eb9e4450b9925b954d5e51fc29ac07419db5"
    },
    "@std/fs@1.0.24": {
      "integrity": "f3061b45b81673a2bece689da041df32d174be064c89eb6397fb5718d3fb7877",
      "dependencies": [
        "jsr:@std/internal",
        "jsr:@std/path@^1.1.5"
      ]
    },
    "@std/html@1.0.7": {
      "integrity": "175c818905a6e75743c69c251395e273d82698e58cfe7dd76268d70e28b8d8fe"
    },
    "@std/http@1.1.3": {
      "integrity": "73a98e05ff58aa18bea562d286172e6c815b1eddd4fcab194beda19e3683b88c",
      "dependencies": [
        "jsr:@std/encoding"
      ]
    },
    "@std/internal@1.0.14": {
      "integrity": "291516b3d4c35024d6ffbc0a9df5bf4c64116e05b50012cf846710152d2ffdf7"
    },
    "@std/path@1.1.6": {
      "integrity": "c68485c2a4dfbb5ae3cc74fae4e8c4e5d874cf8a8ed12927917235c758b46cbe",
      "dependencies": [
        "jsr:@std/internal"
      ]
    },
    "@std/regexp@1.0.2": {
      "integrity": "7493d47c077cfdb023e41a0b44fd608d87fe5b36fc3dc614261afc0f1452aabf"
    },
    "@std/semver@1.0.8": {
      "integrity": "dc830e8b8b6a380c895d53fbfd1258dc253704ca57bbe1629ac65fd7830179b7"
    },
    "@std/text@1.0.19": {
      "integrity": "003a0e032d360e8c3a4e0410fb792c77a66bd6553fee9d60c6ec1bce30d29223",
      "dependencies": [
        "jsr:@std/regexp"
      ]
    },
    "@std/toml@1.0.11": {
      "integrity": "e084988b872ca4bad6aedfb7350f6eeed0e8ba88e9ee5e1590621c5b5bb8f715",
      "dependencies": [
        "jsr:@std/collections"
      ]
    }
  },
  "npm": {
    "@remix-run/mime@0.4.2": {
      "integrity": "sha512-KpZZxBYIrLsvUtt2ZdwK+E2ClVmyvW11Nej6fPgwJpohBMpbCHtR78wtCTv0vqvK5ckLZ7ks2q4pV5dMYFypiA=="
    },
    "css-tree@3.2.1": {
      "integrity": "sha512-X7sjQzceUhu1u7Y/ylrRZFU2FS6LRiFVp6rKLPg23y3x3c3DOKAwuXGDp+PAGjh6CSnCjYeAul8pcT8bAl+lSA==",
      "dependencies": [
        "mdn-data",
        "source-map-js"
      ]
    },
    "detect-libc@2.1.2": {
      "integrity": "sha512-Btj2BOOO83o3WyH59e8MgXsxEQVcarkUOpEYrubB0urwnN10yQ364rsiByU11nZlqWYZm05i/of7io4mzihBtQ=="
    },
    "entities@8.1.0": {
      "integrity": "sha512-kxL7msIffSuh9aaFAMD7rxAIuTRMAHMeBtgHW2yUdWw732ZNh4MehkF2gdjvtdmikkaIP9bFDDJOPlsvm7avrA=="
    },
    "highlight.js@11.12.0": {
      "integrity": "sha512-nbfWpyRMcMrPMmDwJB+dhX/eiaPKtc2RB+0QZskqJ3WjRA/FDS0e9hZrx8EC/lbEv8gXy98FcDbNa/dspAaJMg=="
    },
    "html-rewriter-wasm@0.4.1": {
      "integrity": "sha512-lNovG8CMCCmcVB1Q7xggMSf7tqPCijZXaH4gL6iE8BFghdQCbaY5Met9i1x2Ex8m/cZHDUtXK9H6/znKamRP8Q=="
    },
    "lightningcss-android-arm64@1.33.0": {
      "integrity": "sha512-gEpRTalKdosp4Bb8qWtc2iOgE5SeIHlpS1up9bFq2wAyYhl1UdTObYiHe98zEM9SQvSoqQZ1IQD0JNpg3Ml5pg==",
      "os": ["android"],
      "cpu": ["arm64"]
    },
    "lightningcss-darwin-arm64@1.33.0": {
      "integrity": "sha512-Sciaz8eenNTKn9b3t7+xr0ipTp9YxKQY4npwQ3mrRuL0BAVHBLyZxofhaKBAVtzmtRZ/zTyo0/to4B1uWG/Djg==",
      "os": ["darwin"],
      "cpu": ["arm64"]
    },
    "lightningcss-darwin-x64@1.33.0": {
      "integrity": "sha512-Z5UPAxzrjlWNNyGy6i65cJzzvgJ5D3T6wMvs+gWpY9d7qRhANrxqAp6LhxIgZhWEw18RfJTGcRxjuLIBr+m8XQ==",
      "os": ["darwin"],
      "cpu": ["x64"]
    },
    "lightningcss-freebsd-x64@1.33.0": {
      "integrity": "sha512-QQM/Ti/hQajJwCY+RiWuCZ9sdtI/XQk7nDK5vC8kkdwixezOlDgvDx7+RT+QjK6FcFT4MpsuoBnHIo/O3StRRg==",
      "os": ["freebsd"],
      "cpu": ["x64"]
    },
    "lightningcss-linux-arm-gnueabihf@1.33.0": {
      "integrity": "sha512-N7FVBe6iS24MlM6R/4RBTxGhQheZGs7tiQ9U32UtF75NzP5Q7xWPRqLBCKxlRQRk3rY1jCIPLzx7WzOhuUIRLQ==",
      "os": ["linux"],
      "cpu": ["arm"]
    },
    "lightningcss-linux-arm64-gnu@1.33.0": {
      "integrity": "sha512-j2v/itmy4HlNxlc6voKXYgBqNi0Ng2LShg4z7GufpEgs05P+2suBVyi9I6YHq5uoVFx9ETin3eCEhLVyXGQnKg==",
      "os": ["linux"],
      "cpu": ["arm64"]
    },
    "lightningcss-linux-arm64-musl@1.33.0": {
      "integrity": "sha512-yiO5ROMuYQgXbC60yjZU5CYSFZGKXL0HFATXt9mHJn1+zW55oCtMI9NfcVhYLMFDL7gV7oBPon/EmMMGg2OvtQ==",
      "os": ["linux"],
      "cpu": ["arm64"]
    },
    "lightningcss-linux-x64-gnu@1.33.0": {
      "integrity": "sha512-ar+Ju7LmcN0Jo4FpL4hpFybwNG9/3A/Br5KW2n2jyODg3MEZXaDYADdemoNS+BDNfMgKvylJLj4S5tyRActuAg==",
      "os": ["linux"],
      "cpu": ["x64"]
    },
    "lightningcss-linux-x64-musl@1.33.0": {
      "integrity": "sha512-RYiYbkokw0trfKqqzfF55lginwEPrD3OJDfTuJzFs1MK6iFnDenaz1fqLLtX4ITG3OktJQXOeTaw1awrBAlZPw==",
      "os": ["linux"],
      "cpu": ["x64"]
    },
    "lightningcss-win32-arm64-msvc@1.33.0": {
      "integrity": "sha512-1K+MPfLSFVpphzpdbfkhlWk6wBrTObBzS2T6db10PNOZgR9GoVsAWzwNyuhUYYbTp23j+4RrncfujZ4uAzXvwA==",
      "os": ["win32"],
      "cpu": ["arm64"]
    },
    "lightningcss-win32-x64-msvc@1.33.0": {
      "integrity": "sha512-OlEICDx/Xl0FqSp4bry8zFnCvGpig3Gl4gCquvYwHuqJKEC1+n9NgDniFvqHGmMv1ZkqDJrDqKKSykTDX+ehuA==",
      "os": ["win32"],
      "cpu": ["x64"]
    },
    "lightningcss@1.33.0": {
      "integrity": "sha512-WkUDrojuJs0xkgGf2udWxa3yGBRxPtxUkB79i6aCZLRgc7PM8fZe9TosfPDcvEpQZbuFASnHYmRLBLUbmLOIIA==",
      "dependencies": [
        "detect-libc"
      ],
      "optionalDependencies": [
        "lightningcss-android-arm64",
        "lightningcss-darwin-arm64",
        "lightningcss-darwin-x64",
        "lightningcss-freebsd-x64",
        "lightningcss-linux-arm-gnueabihf",
        "lightningcss-linux-arm64-gnu",
        "lightningcss-linux-arm64-musl",
        "lightningcss-linux-x64-gnu",
        "lightningcss-linux-x64-musl",
        "lightningcss-win32-arm64-msvc",
        "lightningcss-win32-x64-msvc"
      ]
    },
    "marked-highlight@2.2.4_marked@18.0.13": {
      "integrity": "sha512-PZxisNMJDduSjc0q6uvjsnqqHCXc9s0eyzxDO9sB1eNGJnd/H1/Fu+z6g/liC1dfJdFW4SftMwMlLvsBhUPrqQ==",
      "dependencies": [
        "marked"
      ]
    },
    "marked@18.0.13": {
      "integrity": "sha512-xTxVzZsBFwunP6HDmtBkabUQEYArnP7/rMDGmPj9SlrKlQ4i8MdYVow+nJL0eOqwpUqhzBoTBRADGN6uYwPyOw==",
      "bin": true
    },
    "mdn-data@2.27.1": {
      "integrity": "sha512-9Yubnt3e8A0OKwxYSXyhLymGW4sCufcLG6VdiDdUGVkPhpqLxlvP5vl1983gQjJl3tqbrM731mjaZaP68AgosQ=="
    },
    "ohash@2.0.12": {
      "integrity": "sha512-65S/5gk9YSsaRjcyf7Nfa6h/d3E8/1gslpXfI4W7Dxn/oap8IKRuNT5VXkLQ1YFKIEg4apRY4Pj6aiwFzrDdmw=="
    },
    "parse5@8.0.1": {
      "integrity": "sha512-z1e/HMG90obSGeidlli3hj7cbocou0/wa5HacvI3ASx34PecNjNQeaHNo5WIZpWofN9kgkqV1q5YvXe3F0FoPw==",
      "dependencies": [
        "entities"
      ]
    },
    "source-map-js@1.2.1": {
      "integrity": "sha512-UXWMKhLOwVKb728IUtQPXxfYU+usdybtUrK/8uGE8CQMvrhOpwvzDBwj0QhSL7MQc7vIsISBG8VQ8+IDQxpfQA=="
    },
    "std-env@4.2.0": {
      "integrity": "sha512-oCUKSupKTHX53EyjDtuZQ64pjLJ6yYCtpmEw0goYxtjG9KpbRe8KAsl2tBUGU9DyMcJ0RwJ8GqJAFzMXcXW1Rw=="
    },
    "undici@8.10.0": {
      "integrity": "sha512-HvltHd7avK13QIw/oLe4qoOLyoVSoafqJ2jYOrtMRBkbYT31eiBQ8O0ehRKZiEZCMEyLFQNIADpgCWC5fALvYQ=="
    },
    "unifont@0.8.3": {
      "integrity": "sha512-+hGqF94yv3YVzQv8U5Mvbw4DoYJCiAvp/SURYEHdoM4c7LmpprWtR9Ev1BbHo/4nz7Mws6P6VHr8LjkfOHCPCg==",
      "dependencies": [
        "css-tree",
        "ohash",
        "std-env",
        "undici"
      ]
    }
  },
  "workspace": {
    "dependencies": [
      "jsr:@erickmerchant/fonts@~0.7.5",
      "jsr:@erickmerchant/icons@0.3",
      "jsr:@erickmerchant/markdown@~0.1.6",
      "jsr:@erickmerchant/mine-sweeper@^1.0.5",
      "jsr:@feed/feed@^1.3.0",
      "jsr:@flint/framework@~0.40.1",
      "jsr:@handcraft/lib@^4.6.1",
      "jsr:@std/cli@^1.0.32",
      "jsr:@std/fs@^1.0.24",
      "jsr:@std/path@^1.1.6",
      "jsr:@std/text@^1.0.19",
      "jsr:@std/toml@^1.0.11"
    ]
  }
}
